
Microsoft Visual Studio Solution File, Format Version 11.00
# Visual Studio 2010
Project("{FAE04EC0-301F-11D3-BF4B-00C04F79EFBC}") = "GFS", "GFS\GFS.csproj", "{C5AE596A-D2D0-4F8F-ABDC-F8C3389D4F65}"
EndProject
Project("{FAE04EC0-301F-11D3-BF4B-00C04F79EFBC}") = "GFS.BLL", "GFS.BLL\GFS.BLL.csproj", "{11EE695C-496F-4301-AAB6-11D1CA5F6CC1}"
EndProject
Project("{FAE04EC0-301F-11D3-BF4B-00C04F79EFBC}") = "GFS.Carto", "GFS.Carto\GFS.Carto.csproj", "{C47BCFB1-B3E2-4067-98EB-78B95D7276CF}"
EndProject
Project("{FAE04EC0-301F-11D3-BF4B-00C04F79EFBC}") = "GFS.Commands", "GFS.Commands\GFS.Commands.csproj", "{9A86A4E6-D14C-415D-8718-2FAE1392C9E6}"
EndProject
Project("{FAE04EC0-301F-11D3-BF4B-00C04F79EFBC}") = "GFS.Common", "GFS.Common\GFS.Common.csproj", "{6A3316EF-580C-4D4A-849B-42A78B2C5AB4}"
EndProject
Project("{FAE04EC0-301F-11D3-BF4B-00C04F79EFBC}") = "GFS.Test", "GFS.Test\GFS.Test.csproj", "{1BA0D473-F6B0-437B-B470-8F7D5EA0C8A0}"
EndProject
Project("{2150E333-8FDC-42A3-9474-1A3956D46DE8}") = "GFS.Carbon", "GFS.Carbon", "{D6ACBD1A-9508-492A-8222-9AAE8B16102D}"
EndProject
Project("{2150E333-8FDC-42A3-9474-1A3956D46DE8}") = "GFS.Classification", "GFS.Classification", "{17E55672-542A-4344-BC04-2EE5D04C6DD4}"
EndProject
Project("{2150E333-8FDC-42A3-9474-1A3956D46DE8}") = "GFS.DataMan", "GFS.DataMan", "{30A6399F-6F08-4C95-BEB2-77AC3AEE7EBB}"
EndProject
Project("{2150E333-8FDC-42A3-9474-1A3956D46DE8}") = "GFS.Sample", "GFS.Sample", "{C8AC39EF-8369-4AD5-A6A5-639CBC061383}"
EndProject
Project("{FAE04EC0-301F-11D3-BF4B-00C04F79EFBC}") = "GFS.Carbon", "GFS.Carbon\GFS.Carbon.csproj", "{0EE3382A-C797-4D27-A036-4FEACE964075}"
EndProject
Project("{FAE04EC0-301F-11D3-BF4B-00C04F79EFBC}") = "GFS.CarbonBLL", "GFS.CarbonBLL\GFS.CarbonBLL.csproj", "{C0D2DE68-FB4A-4A47-89EE-F188A752C2CA}"
EndProject
Project("{FAE04EC0-301F-11D3-BF4B-00C04F79EFBC}") = "GFS.ClassificationBLL", "GFS.ClassificationBLL\GFS.ClassificationBLL.csproj", "{B4F0E40B-44A8-4472-AC77-74B4F2A9C60A}"
EndProject
Project("{FAE04EC0-301F-11D3-BF4B-00C04F79EFBC}") = "GFS.DataMan", "GFS.DataMan\GFS.DataMan.csproj", "{935CFA9A-A856-43E1-8ED9-2879E74739FD}"
EndProject
Project("{FAE04EC0-301F-11D3-BF4B-00C04F79EFBC}") = "GFS.DataManBLL", "GFS.DataManBLL\GFS.DataManBLL.csproj", "{F14D7F75-1062-4BAE-BA26-48764B9AA2B2}"
EndProject
Project("{FAE04EC0-301F-11D3-BF4B-00C04F79EFBC}") = "GFS.Sample", "GFS.Sample\GFS.Sample.csproj", "{2A23B67C-E585-486D-B428-AE5256A091C9}"
EndProject
Project("{FAE04EC0-301F-11D3-BF4B-00C04F79EFBC}") = "GFS.SampleBLL", "GFS.SampleBLL\GFS.SampleBLL.csproj", "{C34E8B53-F30F-420F-8CB8-6075AB4A08E0}"
EndProject
Project("{FAE04EC0-301F-11D3-BF4B-00C04F79EFBC}") = "GFS.Classification", "GFS.Classification\GFS.Classification.csproj", "{4B540D41-921B-4D7F-B205-AFAE9D5D98D1}"
EndProject
Global
	GlobalSection(SolutionConfigurationPlatforms) = preSolution
		Debug|x86 = Debug|x86
		Release|x86 = Release|x86
	EndGlobalSection
	GlobalSection(ProjectConfigurationPlatforms) = postSolution
		{C5AE596A-D2D0-4F8F-ABDC-F8C3389D4F65}.Debug|x86.ActiveCfg = Debug|x86
		{C5AE596A-D2D0-4F8F-ABDC-F8C3389D4F65}.Debug|x86.Build.0 = Debug|x86
		{C5AE596A-D2D0-4F8F-ABDC-F8C3389D4F65}.Release|x86.ActiveCfg = Release|x86
		{C5AE596A-D2D0-4F8F-ABDC-F8C3389D4F65}.Release|x86.Build.0 = Release|x86
		{11EE695C-496F-4301-AAB6-11D1CA5F6CC1}.Debug|x86.ActiveCfg = Debug|x86
		{11EE695C-496F-4301-AAB6-11D1CA5F6CC1}.Debug|x86.Build.0 = Debug|x86
		{11EE695C-496F-4301-AAB6-11D1CA5F6CC1}.Release|x86.ActiveCfg = Release|x86
		{11EE695C-496F-4301-AAB6-11D1CA5F6CC1}.Release|x86.Build.0 = Release|x86
		{C47BCFB1-B3E2-4067-98EB-78B95D7276CF}.Debug|x86.ActiveCfg = Debug|x86
		{C47BCFB1-B3E2-4067-98EB-78B95D7276CF}.Debug|x86.Build.0 = Debug|x86
		{C47BCFB1-B3E2-4067-98EB-78B95D7276CF}.Release|x86.ActiveCfg = Release|x86
		{C47BCFB1-B3E2-4067-98EB-78B95D7276CF}.Release|x86.Build.0 = Release|x86
		{9A86A4E6-D14C-415D-8718-2FAE1392C9E6}.Debug|x86.ActiveCfg = Debug|x86
		{9A86A4E6-D14C-415D-8718-2FAE1392C9E6}.Debug|x86.Build.0 = Debug|x86
		{9A86A4E6-D14C-415D-8718-2FAE1392C9E6}.Release|x86.ActiveCfg = Release|x86
		{9A86A4E6-D14C-415D-8718-2FAE1392C9E6}.Release|x86.Build.0 = Release|x86
		{6A3316EF-580C-4D4A-849B-42A78B2C5AB4}.Debug|x86.ActiveCfg = Debug|x86
		{6A3316EF-580C-4D4A-849B-42A78B2C5AB4}.Debug|x86.Build.0 = Debug|x86
		{6A3316EF-580C-4D4A-849B-42A78B2C5AB4}.Release|x86.ActiveCfg = Release|x86
		{6A3316EF-580C-4D4A-849B-42A78B2C5AB4}.Release|x86.Build.0 = Release|x86
		{1BA0D473-F6B0-437B-B470-8F7D5EA0C8A0}.Debug|x86.ActiveCfg = Debug|x86
		{1BA0D473-F6B0-437B-B470-8F7D5EA0C8A0}.Debug|x86.Build.0 = Debug|x86
		{1BA0D473-F6B0-437B-B470-8F7D5EA0C8A0}.Release|x86.ActiveCfg = Release|x86
		{1BA0D473-F6B0-437B-B470-8F7D5EA0C8A0}.Release|x86.Build.0 = Release|x86
		{0EE3382A-C797-4D27-A036-4FEACE964075}.Debug|x86.ActiveCfg = Debug|x86
		{0EE3382A-C797-4D27-A036-4FEACE964075}.Debug|x86.Build.0 = Debug|x86
		{0EE3382A-C797-4D27-A036-4FEACE964075}.Release|x86.ActiveCfg = Release|x86
		{0EE3382A-C797-4D27-A036-4FEACE964075}.Release|x86.Build.0 = Release|x86
		{C0D2DE68-FB4A-4A47-89EE-F188A752C2CA}.Debug|x86.ActiveCfg = Debug|x86
		{C0D2DE68-FB4A-4A47-89EE-F188A752C2CA}.Debug|x86.Build.0 = Debug|x86
		{C0D2DE68-FB4A-4A47-89EE-F188A752C2CA}.Release|x86.ActiveCfg = Release|x86
		{C0D2DE68-FB4A-4A47-89EE-F188A752C2CA}.Release|x86.Build.0 = Release|x86
		{B4F0E40B-44A8-4472-AC77-74B4F2A9C60A}.Debug|x86.ActiveCfg = Debug|x86
		{B4F0E40B-44A8-4472-AC77-74B4F2A9C60A}.Debug|x86.Build.0 = Debug|x86
		{B4F0E40B-44A8-4472-AC77-74B4F2A9C60A}.Release|x86.ActiveCfg = Release|x86
		{B4F0E40B-44A8-4472-AC77-74B4F2A9C60A}.Release|x86.Build.0 = Release|x86
		{935CFA9A-A856-43E1-8ED9-2879E74739FD}.Debug|x86.ActiveCfg = Debug|x86
		{935CFA9A-A856-43E1-8ED9-2879E74739FD}.Debug|x86.Build.0 = Debug|x86
		{935CFA9A-A856-43E1-8ED9-2879E74739FD}.Release|x86.ActiveCfg = Release|x86
		{935CFA9A-A856-43E1-8ED9-2879E74739FD}.Release|x86.Build.0 = Release|x86
		{F14D7F75-1062-4BAE-BA26-48764B9AA2B2}.Debug|x86.ActiveCfg = Debug|x86
		{F14D7F75-1062-4BAE-BA26-48764B9AA2B2}.Debug|x86.Build.0 = Debug|x86
		{F14D7F75-1062-4BAE-BA26-48764B9AA2B2}.Release|x86.ActiveCfg = Release|x86
		{F14D7F75-1062-4BAE-BA26-48764B9AA2B2}.Release|x86.Build.0 = Release|x86
		{2A23B67C-E585-486D-B428-AE5256A091C9}.Debug|x86.ActiveCfg = Debug|x86
		{2A23B67C-E585-486D-B428-AE5256A091C9}.Debug|x86.Build.0 = Debug|x86
		{2A23B67C-E585-486D-B428-AE5256A091C9}.Release|x86.ActiveCfg = Release|x86
		{2A23B67C-E585-486D-B428-AE5256A091C9}.Release|x86.Build.0 = Release|x86
		{C34E8B53-F30F-420F-8CB8-6075AB4A08E0}.Debug|x86.ActiveCfg = Debug|x86
		{C34E8B53-F30F-420F-8CB8-6075AB4A08E0}.Debug|x86.Build.0 = Debug|x86
		{C34E8B53-F30F-420F-8CB8-6075AB4A08E0}.Release|x86.ActiveCfg = Release|x86
		{C34E8B53-F30F-420F-8CB8-6075AB4A08E0}.Release|x86.Build.0 = Release|x86
		{4B540D41-921B-4D7F-B205-AFAE9D5D98D1}.Debug|x86.ActiveCfg = Debug|x86
		{4B540D41-921B-4D7F-B205-AFAE9D5D98D1}.Debug|x86.Build.0 = Debug|x86
		{4B540D41-921B-4D7F-B205-AFAE9D5D98D1}.Release|x86.ActiveCfg = Release|x86
		{4B540D41-921B-4D7F-B205-AFAE9D5D98D1}.Release|x86.Build.0 = Release|x86
	EndGlobalSection
	GlobalSection(SolutionProperties) = preSolution
		HideSolutionNode = FALSE
	EndGlobalSection
	GlobalSection(NestedProjects) = preSolution
		{0EE3382A-C797-4D27-A036-4FEACE964075} = {D6ACBD1A-9508-492A-8222-9AAE8B16102D}
		{C0D2DE68-FB4A-4A47-89EE-F188A752C2CA} = {D6ACBD1A-9508-492A-8222-9AAE8B16102D}
		{B4F0E40B-44A8-4472-AC77-74B4F2A9C60A} = {17E55672-542A-4344-BC04-2EE5D04C6DD4}
		{4B540D41-921B-4D7F-B205-AFAE9D5D98D1} = {17E55672-542A-4344-BC04-2EE5D04C6DD4}
		{935CFA9A-A856-43E1-8ED9-2879E74739FD} = {30A6399F-6F08-4C95-BEB2-77AC3AEE7EBB}
		{F14D7F75-1062-4BAE-BA26-48764B9AA2B2} = {30A6399F-6F08-4C95-BEB2-77AC3AEE7EBB}
		{2A23B67C-E585-486D-B428-AE5256A091C9} = {C8AC39EF-8369-4AD5-A6A5-639CBC061383}
		{C34E8B53-F30F-420F-8CB8-6075AB4A08E0} = {C8AC39EF-8369-4AD5-A6A5-639CBC061383}
	EndGlobalSection
EndGlobal
