
Microsoft Visual Studio Solution File, Format Version 11.00
# Visual Studio 2010
Project("{FAE04EC0-301F-11D3-BF4B-00C04F79EFBC}") = "BLL", "BLL\BLL.csproj", "{901E9E8C-0994-4CDE-B051-E372F86A31C8}"
EndProject
Project("{FAE04EC0-301F-11D3-BF4B-00C04F79EFBC}") = "Welcome", "Welcome\Welcome.csproj", "{FA586233-0B48-4068-911D-BC8268EFE45F}"
EndProject
Project("{2150E333-8FDC-42A3-9474-1A3956D46DE8}") = "Carbon", "Carbon", "{20C446CC-FF4B-476B-84D0-4EACDF2854B6}"
EndProject
Project("{2150E333-8FDC-42A3-9474-1A3956D46DE8}") = "Classification", "Classification", "{FD0F049F-FF2B-4B78-B0EF-5DBFC44A5984}"
EndProject
Project("{2150E333-8FDC-42A3-9474-1A3956D46DE8}") = "DataMan", "DataMan", "{916629EF-AB0B-4BA8-AAB9-BEAFF8D1CE29}"
EndProject
Project("{2150E333-8FDC-42A3-9474-1A3956D46DE8}") = "Sample", "Sample", "{FF805861-7EFF-412B-9C7F-B18535E850AE}"
EndProject
Project("{FAE04EC0-301F-11D3-BF4B-00C04F79EFBC}") = "Carbon", "Carbon\Carbon\Carbon.csproj", "{C67C9BC1-BB15-42E4-B679-4A2D03388FEE}"
EndProject
Project("{FAE04EC0-301F-11D3-BF4B-00C04F79EFBC}") = "Classification", "Classification\Classification\Classification.csproj", "{C284AB58-6CDD-4428-BC69-433F86ECBC7B}"
EndProject
Project("{FAE04EC0-301F-11D3-BF4B-00C04F79EFBC}") = "DataMan", "DataMan\DataMan\DataMan.csproj", "{50A9D2C8-CB65-4555-99F8-D4A601A01243}"
EndProject
Project("{FAE04EC0-301F-11D3-BF4B-00C04F79EFBC}") = "Sample", "Sample\Sample\Sample.csproj", "{35B3488D-0E07-4CEA-B27B-ADB8EF3F3967}"
EndProject
Project("{FAE04EC0-301F-11D3-BF4B-00C04F79EFBC}") = "CarbonBLL", "Carbon\CarbonBLL\CarbonBLL.csproj", "{572012FA-D880-4E93-B7DB-C2E4AEDBE924}"
EndProject
Project("{FAE04EC0-301F-11D3-BF4B-00C04F79EFBC}") = "ClassificationBLL", "Classification\ClassificationBLL\ClassificationBLL.csproj", "{10C488B9-0C72-4D44-B72F-B65B42307451}"
EndProject
Project("{FAE04EC0-301F-11D3-BF4B-00C04F79EFBC}") = "DataManBLL", "DataMan\DataManBLL\DataManBLL.csproj", "{E9A5DCC8-025B-4ED0-A134-21A09F51A06D}"
EndProject
Project("{FAE04EC0-301F-11D3-BF4B-00C04F79EFBC}") = "SampleBLL", "Sample\SampleBLL\SampleBLL.csproj", "{384B1A68-8B5C-4BCB-8EB0-CB86BF749E1D}"
EndProject
Global
	GlobalSection(SolutionConfigurationPlatforms) = preSolution
		Debug|Any CPU = Debug|Any CPU
		Release|Any CPU = Release|Any CPU
	EndGlobalSection
	GlobalSection(ProjectConfigurationPlatforms) = postSolution
		{901E9E8C-0994-4CDE-B051-E372F86A31C8}.Debug|Any CPU.ActiveCfg = Debug|Any CPU
		{901E9E8C-0994-4CDE-B051-E372F86A31C8}.Debug|Any CPU.Build.0 = Debug|Any CPU
		{901E9E8C-0994-4CDE-B051-E372F86A31C8}.Release|Any CPU.ActiveCfg = Release|Any CPU
		{901E9E8C-0994-4CDE-B051-E372F86A31C8}.Release|Any CPU.Build.0 = Release|Any CPU
		{FA586233-0B48-4068-911D-BC8268EFE45F}.Debug|Any CPU.ActiveCfg = Debug|Any CPU
		{FA586233-0B48-4068-911D-BC8268EFE45F}.Debug|Any CPU.Build.0 = Debug|Any CPU
		{FA586233-0B48-4068-911D-BC8268EFE45F}.Release|Any CPU.ActiveCfg = Release|Any CPU
		{FA586233-0B48-4068-911D-BC8268EFE45F}.Release|Any CPU.Build.0 = Release|Any CPU
		{C67C9BC1-BB15-42E4-B679-4A2D03388FEE}.Debug|Any CPU.ActiveCfg = Debug|Any CPU
		{C67C9BC1-BB15-42E4-B679-4A2D03388FEE}.Debug|Any CPU.Build.0 = Debug|Any CPU
		{C67C9BC1-BB15-42E4-B679-4A2D03388FEE}.Release|Any CPU.ActiveCfg = Release|Any CPU
		{C67C9BC1-BB15-42E4-B679-4A2D03388FEE}.Release|Any CPU.Build.0 = Release|Any CPU
		{C284AB58-6CDD-4428-BC69-433F86ECBC7B}.Debug|Any CPU.ActiveCfg = Debug|Any CPU
		{C284AB58-6CDD-4428-BC69-433F86ECBC7B}.Debug|Any CPU.Build.0 = Debug|Any CPU
		{C284AB58-6CDD-4428-BC69-433F86ECBC7B}.Release|Any CPU.ActiveCfg = Release|Any CPU
		{C284AB58-6CDD-4428-BC69-433F86ECBC7B}.Release|Any CPU.Build.0 = Release|Any CPU
		{50A9D2C8-CB65-4555-99F8-D4A601A01243}.Debug|Any CPU.ActiveCfg = Debug|Any CPU
		{50A9D2C8-CB65-4555-99F8-D4A601A01243}.Debug|Any CPU.Build.0 = Debug|Any CPU
		{50A9D2C8-CB65-4555-99F8-D4A601A01243}.Release|Any CPU.ActiveCfg = Release|Any CPU
		{50A9D2C8-CB65-4555-99F8-D4A601A01243}.Release|Any CPU.Build.0 = Release|Any CPU
		{35B3488D-0E07-4CEA-B27B-ADB8EF3F3967}.Debug|Any CPU.ActiveCfg = Debug|Any CPU
		{35B3488D-0E07-4CEA-B27B-ADB8EF3F3967}.Debug|Any CPU.Build.0 = Debug|Any CPU
		{35B3488D-0E07-4CEA-B27B-ADB8EF3F3967}.Release|Any CPU.ActiveCfg = Release|Any CPU
		{35B3488D-0E07-4CEA-B27B-ADB8EF3F3967}.Release|Any CPU.Build.0 = Release|Any CPU
		{572012FA-D880-4E93-B7DB-C2E4AEDBE924}.Debug|Any CPU.ActiveCfg = Debug|Any CPU
		{572012FA-D880-4E93-B7DB-C2E4AEDBE924}.Debug|Any CPU.Build.0 = Debug|Any CPU
		{572012FA-D880-4E93-B7DB-C2E4AEDBE924}.Release|Any CPU.ActiveCfg = Release|Any CPU
		{572012FA-D880-4E93-B7DB-C2E4AEDBE924}.Release|Any CPU.Build.0 = Release|Any CPU
		{10C488B9-0C72-4D44-B72F-B65B42307451}.Debug|Any CPU.ActiveCfg = Debug|Any CPU
		{10C488B9-0C72-4D44-B72F-B65B42307451}.Debug|Any CPU.Build.0 = Debug|Any CPU
		{10C488B9-0C72-4D44-B72F-B65B42307451}.Release|Any CPU.ActiveCfg = Release|Any CPU
		{10C488B9-0C72-4D44-B72F-B65B42307451}.Release|Any CPU.Build.0 = Release|Any CPU
		{E9A5DCC8-025B-4ED0-A134-21A09F51A06D}.Debug|Any CPU.ActiveCfg = Debug|Any CPU
		{E9A5DCC8-025B-4ED0-A134-21A09F51A06D}.Debug|Any CPU.Build.0 = Debug|Any CPU
		{E9A5DCC8-025B-4ED0-A134-21A09F51A06D}.Release|Any CPU.ActiveCfg = Release|Any CPU
		{E9A5DCC8-025B-4ED0-A134-21A09F51A06D}.Release|Any CPU.Build.0 = Release|Any CPU
		{384B1A68-8B5C-4BCB-8EB0-CB86BF749E1D}.Debug|Any CPU.ActiveCfg = Debug|Any CPU
		{384B1A68-8B5C-4BCB-8EB0-CB86BF749E1D}.Debug|Any CPU.Build.0 = Debug|Any CPU
		{384B1A68-8B5C-4BCB-8EB0-CB86BF749E1D}.Release|Any CPU.ActiveCfg = Release|Any CPU
		{384B1A68-8B5C-4BCB-8EB0-CB86BF749E1D}.Release|Any CPU.Build.0 = Release|Any CPU
	EndGlobalSection
	GlobalSection(SolutionProperties) = preSolution
		HideSolutionNode = FALSE
	EndGlobalSection
	GlobalSection(NestedProjects) = preSolution
		{C67C9BC1-BB15-42E4-B679-4A2D03388FEE} = {20C446CC-FF4B-476B-84D0-4EACDF2854B6}
		{572012FA-D880-4E93-B7DB-C2E4AEDBE924} = {20C446CC-FF4B-476B-84D0-4EACDF2854B6}
		{C284AB58-6CDD-4428-BC69-433F86ECBC7B} = {FD0F049F-FF2B-4B78-B0EF-5DBFC44A5984}
		{10C488B9-0C72-4D44-B72F-B65B42307451} = {FD0F049F-FF2B-4B78-B0EF-5DBFC44A5984}
		{50A9D2C8-CB65-4555-99F8-D4A601A01243} = {916629EF-AB0B-4BA8-AAB9-BEAFF8D1CE29}
		{E9A5DCC8-025B-4ED0-A134-21A09F51A06D} = {916629EF-AB0B-4BA8-AAB9-BEAFF8D1CE29}
		{35B3488D-0E07-4CEA-B27B-ADB8EF3F3967} = {FF805861-7EFF-412B-9C7F-B18535E850AE}
		{384B1A68-8B5C-4BCB-8EB0-CB86BF749E1D} = {FF805861-7EFF-412B-9C7F-B18535E850AE}
	EndGlobalSection
EndGlobal
